
Microsoft Visual Studio Solution File, Format Version 12.00
# Visual Studio Version 16
VisualStudioVersion = 16.0.31019.35
MinimumVisualStudioVersion = 10.0.40219.1
Project("{FAE04EC0-301F-11D3-BF4B-00C04F79EFBC}") = "turismbackend", "turismbackend.csproj", "{498FC8A3-CCCA-4429-8FA1-D7C3C0E186C8}"
EndProject
Global
	GlobalSection(SolutionConfigurationPlatforms) = preSolution
		Debug|Any CPU = Debug|Any CPU
		Release|Any CPU = Release|Any CPU
	EndGlobalSection
	GlobalSection(ProjectConfigurationPlatforms) = postSolution
		{498FC8A3-CCCA-4429-8FA1-D7C3C0E186C8}.Debug|Any CPU.ActiveCfg = Debug|Any CPU
		{498FC8A3-CCCA-4429-8FA1-D7C3C0E186C8}.Debug|Any CPU.Build.0 = Debug|Any CPU
		{498FC8A3-CCCA-4429-8FA1-D7C3C0E186C8}.Release|Any CPU.ActiveCfg = Release|Any CPU
		{498FC8A3-CCCA-4429-8FA1-D7C3C0E186C8}.Release|Any CPU.Build.0 = Release|Any CPU
	EndGlobalSection
	GlobalSection(SolutionProperties) = preSolution
		HideSolutionNode = FALSE
	EndGlobalSection
	GlobalSection(ExtensibilityGlobals) = postSolution
		SolutionGuid = {C22C549B-DBA3-4C61-965C-9FB77460BA01}
	EndGlobalSection
EndGlobal
